
Microsoft Visual Studio Solution File, Format Version 12.00
# Visual Studio 15
VisualStudioVersion = 15.0.27004.2009
MinimumVisualStudioVersion = 10.0.40219.1
Project("{FAE04EC0-301F-11D3-BF4B-00C04F79EFBC}") = "MvcMovie", "MvcMovie\MvcMovie.csproj", "{CA0564B2-ECDF-42AD-88C2-DC54E5E4F0EE}"
EndProject
Global
	GlobalSection(SolutionConfigurationPlatforms) = preSolution
		Debug|Any CPU = Debug|Any CPU
		Release|Any CPU = Release|Any CPU
	EndGlobalSection
	GlobalSection(ProjectConfigurationPlatforms) = postSolution
		{CA0564B2-ECDF-42AD-88C2-DC54E5E4F0EE}.Debug|Any CPU.ActiveCfg = Debug|Any CPU
		{CA0564B2-ECDF-42AD-88C2-DC54E5E4F0EE}.Debug|Any CPU.Build.0 = Debug|Any CPU
		{CA0564B2-ECDF-42AD-88C2-DC54E5E4F0EE}.Release|Any CPU.ActiveCfg = Release|Any CPU
		{CA0564B2-ECDF-42AD-88C2-DC54E5E4F0EE}.Release|Any CPU.Build.0 = Release|Any CPU
	EndGlobalSection
	GlobalSection(SolutionProperties) = preSolution
		HideSolutionNode = FALSE
	EndGlobalSection
	GlobalSection(ExtensibilityGlobals) = postSolution
		SolutionGuid = {A8D0516A-5C79-4FC7-A06F-17BFD17137FE}
	EndGlobalSection
EndGlobal
